
Microsoft Visual Studio Solution File, Format Version 12.00
# Visual Studio Version 17
VisualStudioVersion = 17.0.31903.59
MinimumVisualStudioVersion = 10.0.40219.1
Project("{FAE04EC0-301F-11D3-BF4B-00C04F79EFBC}") = "TestApi", "TestApi\TestApi.csproj", "{3A04C2AE-6213-4751-9E95-50C41FEDCDC8}"
EndProject
Project("{FAE04EC0-301F-11D3-BF4B-00C04F79EFBC}") = "TestApi.Tests", "TestApi.Tests\TestApi.Tests.csproj", "{3D0891C8-B9BF-43C1-9AE0-82CD09DBA56D}"
EndProject
Project("{FAE04EC0-301F-11D3-BF4B-00C04F79EFBC}") = "TestApi.Domain", "TestApi.Domain\TestApi.Domain.csproj", "{C2409F9E-5FA8-4FAF-B5A4-4B0F996A5219}"
EndProject
Project("{FAE04EC0-301F-11D3-BF4B-00C04F79EFBC}") = "TestApi.Dal", "TestApi.Dal\TestApi.Dal.csproj", "{09B15CE1-1522-472C-8003-E934C23A557E}"
EndProject
Project("{FAE04EC0-301F-11D3-BF4B-00C04F79EFBC}") = "TestApi.Bll", "TestApi.Bll\TestApi.Bll.csproj", "{DE212E88-C1E9-4A85-9BF9-E5C47EE19BC7}"
EndProject
Project("{FAE04EC0-301F-11D3-BF4B-00C04F79EFBC}") = "TestApi.Common", "TestApi.Common\TestApi.Common.csproj", "{BB44D8AA-D89F-4E5B-8C23-D42EFD67AA41}"
EndProject
Global
	GlobalSection(SolutionConfigurationPlatforms) = preSolution
		Debug|Any CPU = Debug|Any CPU
		Release|Any CPU = Release|Any CPU
	EndGlobalSection
	GlobalSection(SolutionProperties) = preSolution
		HideSolutionNode = FALSE
	EndGlobalSection
	GlobalSection(ProjectConfigurationPlatforms) = postSolution
		{3A04C2AE-6213-4751-9E95-50C41FEDCDC8}.Debug|Any CPU.ActiveCfg = Debug|Any CPU
		{3A04C2AE-6213-4751-9E95-50C41FEDCDC8}.Debug|Any CPU.Build.0 = Debug|Any CPU
		{3A04C2AE-6213-4751-9E95-50C41FEDCDC8}.Release|Any CPU.ActiveCfg = Release|Any CPU
		{3A04C2AE-6213-4751-9E95-50C41FEDCDC8}.Release|Any CPU.Build.0 = Release|Any CPU
		{3D0891C8-B9BF-43C1-9AE0-82CD09DBA56D}.Debug|Any CPU.ActiveCfg = Debug|Any CPU
		{3D0891C8-B9BF-43C1-9AE0-82CD09DBA56D}.Debug|Any CPU.Build.0 = Debug|Any CPU
		{3D0891C8-B9BF-43C1-9AE0-82CD09DBA56D}.Release|Any CPU.ActiveCfg = Release|Any CPU
		{3D0891C8-B9BF-43C1-9AE0-82CD09DBA56D}.Release|Any CPU.Build.0 = Release|Any CPU
		{C2409F9E-5FA8-4FAF-B5A4-4B0F996A5219}.Debug|Any CPU.ActiveCfg = Debug|Any CPU
		{C2409F9E-5FA8-4FAF-B5A4-4B0F996A5219}.Debug|Any CPU.Build.0 = Debug|Any CPU
		{C2409F9E-5FA8-4FAF-B5A4-4B0F996A5219}.Release|Any CPU.ActiveCfg = Release|Any CPU
		{C2409F9E-5FA8-4FAF-B5A4-4B0F996A5219}.Release|Any CPU.Build.0 = Release|Any CPU
		{09B15CE1-1522-472C-8003-E934C23A557E}.Debug|Any CPU.ActiveCfg = Debug|Any CPU
		{09B15CE1-1522-472C-8003-E934C23A557E}.Debug|Any CPU.Build.0 = Debug|Any CPU
		{09B15CE1-1522-472C-8003-E934C23A557E}.Release|Any CPU.ActiveCfg = Release|Any CPU
		{09B15CE1-1522-472C-8003-E934C23A557E}.Release|Any CPU.Build.0 = Release|Any CPU
		{DE212E88-C1E9-4A85-9BF9-E5C47EE19BC7}.Debug|Any CPU.ActiveCfg = Debug|Any CPU
		{DE212E88-C1E9-4A85-9BF9-E5C47EE19BC7}.Debug|Any CPU.Build.0 = Debug|Any CPU
		{DE212E88-C1E9-4A85-9BF9-E5C47EE19BC7}.Release|Any CPU.ActiveCfg = Release|Any CPU
		{DE212E88-C1E9-4A85-9BF9-E5C47EE19BC7}.Release|Any CPU.Build.0 = Release|Any CPU
		{BB44D8AA-D89F-4E5B-8C23-D42EFD67AA41}.Debug|Any CPU.ActiveCfg = Debug|Any CPU
		{BB44D8AA-D89F-4E5B-8C23-D42EFD67AA41}.Debug|Any CPU.Build.0 = Debug|Any CPU
		{BB44D8AA-D89F-4E5B-8C23-D42EFD67AA41}.Release|Any CPU.ActiveCfg = Release|Any CPU
		{BB44D8AA-D89F-4E5B-8C23-D42EFD67AA41}.Release|Any CPU.Build.0 = Release|Any CPU
	EndGlobalSection
EndGlobal
